
Microsoft Visual Studio Solution File, Format Version 12.00
# Visual Studio 14
VisualStudioVersion = 14.0.25420.1
MinimumVisualStudioVersion = 10.0.40219.1
Project("{2150E333-8FDC-42A3-9474-1A3956D46DE8}") = "Books", "Books", "{F2CE54B7-0976-4B67-99E5-06FDFAA73EB2}"
EndProject
Project("{2150E333-8FDC-42A3-9474-1A3956D46DE8}") = "Serialization", "Serialization", "{64301D9C-E5B5-45D6-BAE2-1F174B63DDE8}"
EndProject
Project("{2150E333-8FDC-42A3-9474-1A3956D46DE8}") = "Tools", "Tools", "{F9E95255-3E8C-44D7-8207-92DB274C2F08}"
EndProject
Project("{2150E333-8FDC-42A3-9474-1A3956D46DE8}") = "Tests", "Tests", "{75BFC1B4-4A62-4E17-AB5E-39352A6D02F1}"
EndProject
Project("{FAE04EC0-301F-11D3-BF4B-00C04F79EFBC}") = "Serialization", "Books\Serialization\Serialization\Serialization.csproj", "{5557B44C-A5D5-4C03-8D0A-B316CD7CE77A}"
EndProject
Project("{FAE04EC0-301F-11D3-BF4B-00C04F79EFBC}") = "Helpers", "Tools\Helpers\Helpers.csproj", "{08008568-89C9-4628-A09E-DFB6BD9DC2AD}"
EndProject
Project("{FAE04EC0-301F-11D3-BF4B-00C04F79EFBC}") = "BinaryVsSoapFormatters", "Books\Serialization\Tests\BinaryVsSoapFormatters\BinaryVsSoapFormatters.csproj", "{7E207F73-34F9-47F7-B627-A3A10B80591B}"
EndProject
Project("{FAE04EC0-301F-11D3-BF4B-00C04F79EFBC}") = "ISerializableDemo", "Books\Serialization\ISerializableDemo\ISerializableDemo.csproj", "{4D38341B-B36E-41DD-95A7-DD82BEE8EDD9}"
EndProject
Project("{FAE04EC0-301F-11D3-BF4B-00C04F79EFBC}") = "SerializableVsISerializable", "Books\Serialization\Tests\SerializableVsISerializable\SerializableVsISerializable.csproj", "{514FC6BB-9D89-4EF5-98CE-1DEC7B992606}"
EndProject
Project("{2150E333-8FDC-42A3-9474-1A3956D46DE8}") = "Threads", "Threads", "{B5CBEFA2-18C1-402A-B3B8-1C30F45223F3}"
EndProject
Project("{FAE04EC0-301F-11D3-BF4B-00C04F79EFBC}") = "LockDemo", "Books\Threads\LockDemo\LockDemo.csproj", "{5CBAC3AE-6446-46DC-86FC-C6C1592BBA99}"
EndProject
Project("{FAE04EC0-301F-11D3-BF4B-00C04F79EFBC}") = "SystemThreadDemo", "Books\Threads\SystemThreadDemo\SystemThreadDemo.csproj", "{A930D7FF-02B6-40F6-88E1-CB65128B3956}"
EndProject
Project("{FAE04EC0-301F-11D3-BF4B-00C04F79EFBC}") = "ThreadPoolStats", "Books\Threads\ThreadPoolStats\ThreadPoolStats.csproj", "{E8455A78-05F3-469B-B262-1625ED030093}"
EndProject
Project("{FAE04EC0-301F-11D3-BF4B-00C04F79EFBC}") = "CallContextDemo", "Books\Threads\CallContextDemo\CallContextDemo.csproj", "{21104D42-6750-4234-A69F-D74E963B0BCD}"
EndProject
Project("{FAE04EC0-301F-11D3-BF4B-00C04F79EFBC}") = "CancellationDemo", "Books\Threads\CancellationDemo\CancellationDemo.csproj", "{36085C25-5AED-43E5-B8BD-234151C21434}"
EndProject
Project("{FAE04EC0-301F-11D3-BF4B-00C04F79EFBC}") = "TaskDemo", "Books\Threads\TaskDemo\TaskDemo.csproj", "{BD179F4D-5180-4CEF-8695-EB92C316A474}"
EndProject
Project("{2150E333-8FDC-42A3-9474-1A3956D46DE8}") = "Parallel", "Parallel", "{A58E8AC0-5517-4CA2-97E7-828A766B059E}"
EndProject
Project("{FAE04EC0-301F-11D3-BF4B-00C04F79EFBC}") = "ForEachDemo", "Books\Parallel\ForEachDemo\ForEachDemo.csproj", "{863FD258-6ED0-4A64-BB03-E52E7F4B1D65}"
EndProject
Project("{2150E333-8FDC-42A3-9474-1A3956D46DE8}") = "MyLib", "MyLib", "{08390106-C58D-4534-AC6B-F9C2E1C21A63}"
EndProject
Project("{2150E333-8FDC-42A3-9474-1A3956D46DE8}") = "MVC", "MVC", "{94049978-4B64-4A2B-84F3-62573B562102}"
EndProject
Project("{FAE04EC0-301F-11D3-BF4B-00C04F79EFBC}") = "Helpers", "MyLib\MVC\Helpers\Helpers.csproj", "{94D87F0D-52D4-43B6-A0EA-F3876EBFA3DB}"
EndProject
Project("{FAE04EC0-301F-11D3-BF4B-00C04F79EFBC}") = "Helpers.Tests", "Helpers.Tests\Helpers.Tests.csproj", "{7CB957F4-E3A8-4F61-8252-6C69AD4702CE}"
EndProject
Global
	GlobalSection(SolutionConfigurationPlatforms) = preSolution
		Debug|Any CPU = Debug|Any CPU
		Release|Any CPU = Release|Any CPU
	EndGlobalSection
	GlobalSection(ProjectConfigurationPlatforms) = postSolution
		{5557B44C-A5D5-4C03-8D0A-B316CD7CE77A}.Debug|Any CPU.ActiveCfg = Debug|Any CPU
		{5557B44C-A5D5-4C03-8D0A-B316CD7CE77A}.Debug|Any CPU.Build.0 = Debug|Any CPU
		{5557B44C-A5D5-4C03-8D0A-B316CD7CE77A}.Release|Any CPU.ActiveCfg = Release|Any CPU
		{5557B44C-A5D5-4C03-8D0A-B316CD7CE77A}.Release|Any CPU.Build.0 = Release|Any CPU
		{08008568-89C9-4628-A09E-DFB6BD9DC2AD}.Debug|Any CPU.ActiveCfg = Debug|Any CPU
		{08008568-89C9-4628-A09E-DFB6BD9DC2AD}.Debug|Any CPU.Build.0 = Debug|Any CPU
		{08008568-89C9-4628-A09E-DFB6BD9DC2AD}.Release|Any CPU.ActiveCfg = Release|Any CPU
		{08008568-89C9-4628-A09E-DFB6BD9DC2AD}.Release|Any CPU.Build.0 = Release|Any CPU
		{7E207F73-34F9-47F7-B627-A3A10B80591B}.Debug|Any CPU.ActiveCfg = Debug|Any CPU
		{7E207F73-34F9-47F7-B627-A3A10B80591B}.Debug|Any CPU.Build.0 = Debug|Any CPU
		{7E207F73-34F9-47F7-B627-A3A10B80591B}.Release|Any CPU.ActiveCfg = Release|Any CPU
		{7E207F73-34F9-47F7-B627-A3A10B80591B}.Release|Any CPU.Build.0 = Release|Any CPU
		{4D38341B-B36E-41DD-95A7-DD82BEE8EDD9}.Debug|Any CPU.ActiveCfg = Debug|Any CPU
		{4D38341B-B36E-41DD-95A7-DD82BEE8EDD9}.Debug|Any CPU.Build.0 = Debug|Any CPU
		{4D38341B-B36E-41DD-95A7-DD82BEE8EDD9}.Release|Any CPU.ActiveCfg = Release|Any CPU
		{4D38341B-B36E-41DD-95A7-DD82BEE8EDD9}.Release|Any CPU.Build.0 = Release|Any CPU
		{514FC6BB-9D89-4EF5-98CE-1DEC7B992606}.Debug|Any CPU.ActiveCfg = Debug|Any CPU
		{514FC6BB-9D89-4EF5-98CE-1DEC7B992606}.Debug|Any CPU.Build.0 = Debug|Any CPU
		{514FC6BB-9D89-4EF5-98CE-1DEC7B992606}.Release|Any CPU.ActiveCfg = Release|Any CPU
		{514FC6BB-9D89-4EF5-98CE-1DEC7B992606}.Release|Any CPU.Build.0 = Release|Any CPU
		{5CBAC3AE-6446-46DC-86FC-C6C1592BBA99}.Debug|Any CPU.ActiveCfg = Debug|Any CPU
		{5CBAC3AE-6446-46DC-86FC-C6C1592BBA99}.Debug|Any CPU.Build.0 = Debug|Any CPU
		{5CBAC3AE-6446-46DC-86FC-C6C1592BBA99}.Release|Any CPU.ActiveCfg = Release|Any CPU
		{5CBAC3AE-6446-46DC-86FC-C6C1592BBA99}.Release|Any CPU.Build.0 = Release|Any CPU
		{A930D7FF-02B6-40F6-88E1-CB65128B3956}.Debug|Any CPU.ActiveCfg = Debug|Any CPU
		{A930D7FF-02B6-40F6-88E1-CB65128B3956}.Debug|Any CPU.Build.0 = Debug|Any CPU
		{A930D7FF-02B6-40F6-88E1-CB65128B3956}.Release|Any CPU.ActiveCfg = Release|Any CPU
		{A930D7FF-02B6-40F6-88E1-CB65128B3956}.Release|Any CPU.Build.0 = Release|Any CPU
		{E8455A78-05F3-469B-B262-1625ED030093}.Debug|Any CPU.ActiveCfg = Debug|Any CPU
		{E8455A78-05F3-469B-B262-1625ED030093}.Debug|Any CPU.Build.0 = Debug|Any CPU
		{E8455A78-05F3-469B-B262-1625ED030093}.Release|Any CPU.ActiveCfg = Release|Any CPU
		{E8455A78-05F3-469B-B262-1625ED030093}.Release|Any CPU.Build.0 = Release|Any CPU
		{21104D42-6750-4234-A69F-D74E963B0BCD}.Debug|Any CPU.ActiveCfg = Debug|Any CPU
		{21104D42-6750-4234-A69F-D74E963B0BCD}.Debug|Any CPU.Build.0 = Debug|Any CPU
		{21104D42-6750-4234-A69F-D74E963B0BCD}.Release|Any CPU.ActiveCfg = Release|Any CPU
		{21104D42-6750-4234-A69F-D74E963B0BCD}.Release|Any CPU.Build.0 = Release|Any CPU
		{36085C25-5AED-43E5-B8BD-234151C21434}.Debug|Any CPU.ActiveCfg = Debug|Any CPU
		{36085C25-5AED-43E5-B8BD-234151C21434}.Debug|Any CPU.Build.0 = Debug|Any CPU
		{36085C25-5AED-43E5-B8BD-234151C21434}.Release|Any CPU.ActiveCfg = Release|Any CPU
		{36085C25-5AED-43E5-B8BD-234151C21434}.Release|Any CPU.Build.0 = Release|Any CPU
		{BD179F4D-5180-4CEF-8695-EB92C316A474}.Debug|Any CPU.ActiveCfg = Debug|Any CPU
		{BD179F4D-5180-4CEF-8695-EB92C316A474}.Debug|Any CPU.Build.0 = Debug|Any CPU
		{BD179F4D-5180-4CEF-8695-EB92C316A474}.Release|Any CPU.ActiveCfg = Release|Any CPU
		{BD179F4D-5180-4CEF-8695-EB92C316A474}.Release|Any CPU.Build.0 = Release|Any CPU
		{863FD258-6ED0-4A64-BB03-E52E7F4B1D65}.Debug|Any CPU.ActiveCfg = Debug|Any CPU
		{863FD258-6ED0-4A64-BB03-E52E7F4B1D65}.Debug|Any CPU.Build.0 = Debug|Any CPU
		{863FD258-6ED0-4A64-BB03-E52E7F4B1D65}.Release|Any CPU.ActiveCfg = Release|Any CPU
		{863FD258-6ED0-4A64-BB03-E52E7F4B1D65}.Release|Any CPU.Build.0 = Release|Any CPU
		{94D87F0D-52D4-43B6-A0EA-F3876EBFA3DB}.Debug|Any CPU.ActiveCfg = Debug|Any CPU
		{94D87F0D-52D4-43B6-A0EA-F3876EBFA3DB}.Debug|Any CPU.Build.0 = Debug|Any CPU
		{94D87F0D-52D4-43B6-A0EA-F3876EBFA3DB}.Release|Any CPU.ActiveCfg = Release|Any CPU
		{94D87F0D-52D4-43B6-A0EA-F3876EBFA3DB}.Release|Any CPU.Build.0 = Release|Any CPU
		{7CB957F4-E3A8-4F61-8252-6C69AD4702CE}.Debug|Any CPU.ActiveCfg = Debug|Any CPU
		{7CB957F4-E3A8-4F61-8252-6C69AD4702CE}.Debug|Any CPU.Build.0 = Debug|Any CPU
		{7CB957F4-E3A8-4F61-8252-6C69AD4702CE}.Release|Any CPU.ActiveCfg = Release|Any CPU
		{7CB957F4-E3A8-4F61-8252-6C69AD4702CE}.Release|Any CPU.Build.0 = Release|Any CPU
	EndGlobalSection
	GlobalSection(SolutionProperties) = preSolution
		HideSolutionNode = FALSE
	EndGlobalSection
	GlobalSection(NestedProjects) = preSolution
		{64301D9C-E5B5-45D6-BAE2-1F174B63DDE8} = {F2CE54B7-0976-4B67-99E5-06FDFAA73EB2}
		{75BFC1B4-4A62-4E17-AB5E-39352A6D02F1} = {64301D9C-E5B5-45D6-BAE2-1F174B63DDE8}
		{5557B44C-A5D5-4C03-8D0A-B316CD7CE77A} = {64301D9C-E5B5-45D6-BAE2-1F174B63DDE8}
		{08008568-89C9-4628-A09E-DFB6BD9DC2AD} = {F9E95255-3E8C-44D7-8207-92DB274C2F08}
		{7E207F73-34F9-47F7-B627-A3A10B80591B} = {75BFC1B4-4A62-4E17-AB5E-39352A6D02F1}
		{4D38341B-B36E-41DD-95A7-DD82BEE8EDD9} = {64301D9C-E5B5-45D6-BAE2-1F174B63DDE8}
		{514FC6BB-9D89-4EF5-98CE-1DEC7B992606} = {75BFC1B4-4A62-4E17-AB5E-39352A6D02F1}
		{B5CBEFA2-18C1-402A-B3B8-1C30F45223F3} = {F2CE54B7-0976-4B67-99E5-06FDFAA73EB2}
		{5CBAC3AE-6446-46DC-86FC-C6C1592BBA99} = {B5CBEFA2-18C1-402A-B3B8-1C30F45223F3}
		{A930D7FF-02B6-40F6-88E1-CB65128B3956} = {B5CBEFA2-18C1-402A-B3B8-1C30F45223F3}
		{E8455A78-05F3-469B-B262-1625ED030093} = {B5CBEFA2-18C1-402A-B3B8-1C30F45223F3}
		{21104D42-6750-4234-A69F-D74E963B0BCD} = {B5CBEFA2-18C1-402A-B3B8-1C30F45223F3}
		{36085C25-5AED-43E5-B8BD-234151C21434} = {B5CBEFA2-18C1-402A-B3B8-1C30F45223F3}
		{BD179F4D-5180-4CEF-8695-EB92C316A474} = {B5CBEFA2-18C1-402A-B3B8-1C30F45223F3}
		{A58E8AC0-5517-4CA2-97E7-828A766B059E} = {F2CE54B7-0976-4B67-99E5-06FDFAA73EB2}
		{863FD258-6ED0-4A64-BB03-E52E7F4B1D65} = {A58E8AC0-5517-4CA2-97E7-828A766B059E}
		{94049978-4B64-4A2B-84F3-62573B562102} = {08390106-C58D-4534-AC6B-F9C2E1C21A63}
		{94D87F0D-52D4-43B6-A0EA-F3876EBFA3DB} = {94049978-4B64-4A2B-84F3-62573B562102}
		{7CB957F4-E3A8-4F61-8252-6C69AD4702CE} = {94049978-4B64-4A2B-84F3-62573B562102}
	EndGlobalSection
EndGlobal
